{
  "name": "claude-artifact-runner",
  "private": true,
  "version": "2.0.0",
  "type": "module",
  "engines": {
    "node": ">=20.0.0"
  },
  "scripts": {
    "dev": "vite",
    "build": "vite build",
    "preview": "vite preview"
  },
  "dependencies": {
    "react": "^18.3.1",
    "react-dom": "^18.3.1",
    "vite": "^5.0.0",
    "@vitejs/plugin-react": "^4.0.0",
    "lucide-react": "^0.408.0",
    "recharts": "^2.15.0",
    "clsx": "^2.1.1",
    "tailwind-merge": "^2.4.0",
    "react-router-dom": "^7.5.2",
    "@babel/runtime": "^7.27.0",
    "@hookform/resolvers": "^3.9.0",
    "class-variance-authority": "^0.7.0",
    "cmdk": "^1.0.0",
    "date-fns": "^3.6.0",
    "embla-carousel-react": "^8.1.6",
    "input-otp": "^1.2.4",
    "next-themes": "^0.3.0",
    "react-day-picker": "^8.10.1",
    "react-hook-form": "^7.52.1",
    "react-resizable-panels": "^2.0.20",
    "sonner": "^1.5.0",
    "tailwindcss-animate": "^1.0.7",
    "three": "^0.128.0",
    "vaul": "^0.9.1",
    "zod": "^3.23.8"
  },
  "devDependencies": {
    "@types/node": "^20.14.10",
    "@types/react": "^18.3.3",
    "@types/react-dom": "^18.3.0",
    "typescript": "^5.2.2",
    "autoprefixer": "^10.4.19",
    "postcss": "^8.4.38",
    "tailwindcss": "^3.4.4"
  }
}
